
Microsoft Visual Studio Solution File, Format Version 12.00
# Visual Studio Version 17
VisualStudioVersion = 17.10.35004.147
MinimumVisualStudioVersion = 10.0.40219.1
Project("{FAE04EC0-301F-11D3-BF4B-00C04F79EFBC}") = "ASP3", "ASP3\ASP3.csproj", "{DFBFA0FF-7119-477E-9DFA-2EFDDC3BD5AF}"
EndProject
Global
	GlobalSection(SolutionConfigurationPlatforms) = preSolution
		Debug|Any CPU = Debug|Any CPU
		Release|Any CPU = Release|Any CPU
	EndGlobalSection
	GlobalSection(ProjectConfigurationPlatforms) = postSolution
		{DFBFA0FF-7119-477E-9DFA-2EFDDC3BD5AF}.Debug|Any CPU.ActiveCfg = Debug|Any CPU
		{DFBFA0FF-7119-477E-9DFA-2EFDDC3BD5AF}.Debug|Any CPU.Build.0 = Debug|Any CPU
		{DFBFA0FF-7119-477E-9DFA-2EFDDC3BD5AF}.Release|Any CPU.ActiveCfg = Release|Any CPU
		{DFBFA0FF-7119-477E-9DFA-2EFDDC3BD5AF}.Release|Any CPU.Build.0 = Release|Any CPU
	EndGlobalSection
	GlobalSection(SolutionProperties) = preSolution
		HideSolutionNode = FALSE
	EndGlobalSection
	GlobalSection(ExtensibilityGlobals) = postSolution
		SolutionGuid = {7DE7EF42-2474-4282-B2D9-6D4FC8235FE7}
	EndGlobalSection
EndGlobal
